
Microsoft Visual Studio Solution File, Format Version 12.00
# Visual Studio Version 17
VisualStudioVersion = 17.11.35327.3
MinimumVisualStudioVersion = 10.0.40219.1
Project("{2150E333-8FDC-42A3-9474-1A3956D46DE8}") = "Auth", "Auth", "{102D97BC-ED74-4606-9D31-BD022D398F29}"
EndProject
Project("{2150E333-8FDC-42A3-9474-1A3956D46DE8}") = "CMS", "CMS", "{5ADFD429-5065-4324-8ADA-F8C707BEA0DF}"
EndProject
Project("{9A19103F-16F7-4668-BE54-9A1E7A4F7556}") = "CMS.Auth", "CMS.Auth\CMS.Auth.csproj", "{370788BB-8E4E-4114-B680-A35B879A230A}"
EndProject
Project("{9A19103F-16F7-4668-BE54-9A1E7A4F7556}") = "CMS.Domain", "CMS.Domain\CMS.Domain.csproj", "{FB379198-3C8F-462E-B972-D4696E5BEA0C}"
EndProject
Project("{9A19103F-16F7-4668-BE54-9A1E7A4F7556}") = "CMS.Application", "CMS.Application\CMS.Application.csproj", "{37D8F008-2270-4F71-B193-DC663D57CDD1}"
EndProject
Project("{9A19103F-16F7-4668-BE54-9A1E7A4F7556}") = "CMS.Infrastructure", "CMS.Infrastructure\CMS.Infrastructure.csproj", "{642507A7-F9EC-4976-AFC3-DD45E33E6D24}"
EndProject
Project("{9A19103F-16F7-4668-BE54-9A1E7A4F7556}") = "CMS.Persistence", "CMS.Persistence\CMS.Persistence.csproj", "{FFD6D942-B4BF-46C8-BE94-35B81120C8FC}"
EndProject
Project("{9A19103F-16F7-4668-BE54-9A1E7A4F7556}") = "CMS.API", "CMS.API\CMS.API.csproj", "{AF5BDE66-9AA0-4CAA-B6C6-3E1AC31ED1D8}"
EndProject
Global
	GlobalSection(SolutionConfigurationPlatforms) = preSolution
		Debug|Any CPU = Debug|Any CPU
		Release|Any CPU = Release|Any CPU
	EndGlobalSection
	GlobalSection(ProjectConfigurationPlatforms) = postSolution
		{370788BB-8E4E-4114-B680-A35B879A230A}.Debug|Any CPU.ActiveCfg = Debug|Any CPU
		{370788BB-8E4E-4114-B680-A35B879A230A}.Debug|Any CPU.Build.0 = Debug|Any CPU
		{370788BB-8E4E-4114-B680-A35B879A230A}.Release|Any CPU.ActiveCfg = Release|Any CPU
		{370788BB-8E4E-4114-B680-A35B879A230A}.Release|Any CPU.Build.0 = Release|Any CPU
		{FB379198-3C8F-462E-B972-D4696E5BEA0C}.Debug|Any CPU.ActiveCfg = Debug|Any CPU
		{FB379198-3C8F-462E-B972-D4696E5BEA0C}.Debug|Any CPU.Build.0 = Debug|Any CPU
		{FB379198-3C8F-462E-B972-D4696E5BEA0C}.Release|Any CPU.ActiveCfg = Release|Any CPU
		{FB379198-3C8F-462E-B972-D4696E5BEA0C}.Release|Any CPU.Build.0 = Release|Any CPU
		{37D8F008-2270-4F71-B193-DC663D57CDD1}.Debug|Any CPU.ActiveCfg = Debug|Any CPU
		{37D8F008-2270-4F71-B193-DC663D57CDD1}.Debug|Any CPU.Build.0 = Debug|Any CPU
		{37D8F008-2270-4F71-B193-DC663D57CDD1}.Release|Any CPU.ActiveCfg = Release|Any CPU
		{37D8F008-2270-4F71-B193-DC663D57CDD1}.Release|Any CPU.Build.0 = Release|Any CPU
		{642507A7-F9EC-4976-AFC3-DD45E33E6D24}.Debug|Any CPU.ActiveCfg = Debug|Any CPU
		{642507A7-F9EC-4976-AFC3-DD45E33E6D24}.Debug|Any CPU.Build.0 = Debug|Any CPU
		{642507A7-F9EC-4976-AFC3-DD45E33E6D24}.Release|Any CPU.ActiveCfg = Release|Any CPU
		{642507A7-F9EC-4976-AFC3-DD45E33E6D24}.Release|Any CPU.Build.0 = Release|Any CPU
		{FFD6D942-B4BF-46C8-BE94-35B81120C8FC}.Debug|Any CPU.ActiveCfg = Debug|Any CPU
		{FFD6D942-B4BF-46C8-BE94-35B81120C8FC}.Debug|Any CPU.Build.0 = Debug|Any CPU
		{FFD6D942-B4BF-46C8-BE94-35B81120C8FC}.Release|Any CPU.ActiveCfg = Release|Any CPU
		{FFD6D942-B4BF-46C8-BE94-35B81120C8FC}.Release|Any CPU.Build.0 = Release|Any CPU
		{AF5BDE66-9AA0-4CAA-B6C6-3E1AC31ED1D8}.Debug|Any CPU.ActiveCfg = Debug|Any CPU
		{AF5BDE66-9AA0-4CAA-B6C6-3E1AC31ED1D8}.Debug|Any CPU.Build.0 = Debug|Any CPU
		{AF5BDE66-9AA0-4CAA-B6C6-3E1AC31ED1D8}.Release|Any CPU.ActiveCfg = Release|Any CPU
		{AF5BDE66-9AA0-4CAA-B6C6-3E1AC31ED1D8}.Release|Any CPU.Build.0 = Release|Any CPU
	EndGlobalSection
	GlobalSection(SolutionProperties) = preSolution
		HideSolutionNode = FALSE
	EndGlobalSection
	GlobalSection(NestedProjects) = preSolution
		{370788BB-8E4E-4114-B680-A35B879A230A} = {102D97BC-ED74-4606-9D31-BD022D398F29}
		{FB379198-3C8F-462E-B972-D4696E5BEA0C} = {5ADFD429-5065-4324-8ADA-F8C707BEA0DF}
		{37D8F008-2270-4F71-B193-DC663D57CDD1} = {5ADFD429-5065-4324-8ADA-F8C707BEA0DF}
		{642507A7-F9EC-4976-AFC3-DD45E33E6D24} = {5ADFD429-5065-4324-8ADA-F8C707BEA0DF}
		{FFD6D942-B4BF-46C8-BE94-35B81120C8FC} = {5ADFD429-5065-4324-8ADA-F8C707BEA0DF}
		{AF5BDE66-9AA0-4CAA-B6C6-3E1AC31ED1D8} = {5ADFD429-5065-4324-8ADA-F8C707BEA0DF}
	EndGlobalSection
	GlobalSection(ExtensibilityGlobals) = postSolution
		SolutionGuid = {FCA78EC1-9A90-48D0-9482-EDB4623456A1}
	EndGlobalSection
EndGlobal
